
Microsoft Visual Studio Solution File, Format Version 12.00
# Visual Studio Version 16
VisualStudioVersion = 16.0.34601.136
MinimumVisualStudioVersion = 10.0.40219.1
Project("{FAE04EC0-301F-11D3-BF4B-00C04F79EFBC}") = "code_base_test", "ConsoleApp1\code_base_test.csproj", "{730570FA-869D-4543-9B8F-8021CA3E590B}"
EndProject
Global
	GlobalSection(SolutionConfigurationPlatforms) = preSolution
		Debug|Any CPU = Debug|Any CPU
		Release|Any CPU = Release|Any CPU
	EndGlobalSection
	GlobalSection(ProjectConfigurationPlatforms) = postSolution
		{730570FA-869D-4543-9B8F-8021CA3E590B}.Debug|Any CPU.ActiveCfg = Debug|Any CPU
		{730570FA-869D-4543-9B8F-8021CA3E590B}.Debug|Any CPU.Build.0 = Debug|Any CPU
		{730570FA-869D-4543-9B8F-8021CA3E590B}.Release|Any CPU.ActiveCfg = Release|Any CPU
		{730570FA-869D-4543-9B8F-8021CA3E590B}.Release|Any CPU.Build.0 = Release|Any CPU
	EndGlobalSection
	GlobalSection(SolutionProperties) = preSolution
		HideSolutionNode = FALSE
	EndGlobalSection
	GlobalSection(ExtensibilityGlobals) = postSolution
		SolutionGuid = {EB417DFF-B969-4E9A-BD4B-447F9A2A8A0D}
	EndGlobalSection
EndGlobal
