
Microsoft Visual Studio Solution File, Format Version 12.00
# Visual Studio Version 16
VisualStudioVersion = 16.0.34601.136
MinimumVisualStudioVersion = 10.0.40219.1
Project("{FAE04EC0-301F-11D3-BF4B-00C04F79EFBC}") = "Assignment4", "Assignment4\Assignment4.csproj", "{A8B3A669-964F-47D6-9089-27C2BC54BA74}"
EndProject
Project("{FAE04EC0-301F-11D3-BF4B-00C04F79EFBC}") = "ConcessionLibrary", "Concession\ConcessionLibrary.csproj", "{E3DE6072-C115-486B-9CE1-8B2D09847D6D}"
EndProject
Global
	GlobalSection(SolutionConfigurationPlatforms) = preSolution
		Debug|Any CPU = Debug|Any CPU
		Release|Any CPU = Release|Any CPU
	EndGlobalSection
	GlobalSection(ProjectConfigurationPlatforms) = postSolution
		{A8B3A669-964F-47D6-9089-27C2BC54BA74}.Debug|Any CPU.ActiveCfg = Debug|Any CPU
		{A8B3A669-964F-47D6-9089-27C2BC54BA74}.Debug|Any CPU.Build.0 = Debug|Any CPU
		{A8B3A669-964F-47D6-9089-27C2BC54BA74}.Release|Any CPU.ActiveCfg = Release|Any CPU
		{A8B3A669-964F-47D6-9089-27C2BC54BA74}.Release|Any CPU.Build.0 = Release|Any CPU
		{E3DE6072-C115-486B-9CE1-8B2D09847D6D}.Debug|Any CPU.ActiveCfg = Debug|Any CPU
		{E3DE6072-C115-486B-9CE1-8B2D09847D6D}.Debug|Any CPU.Build.0 = Debug|Any CPU
		{E3DE6072-C115-486B-9CE1-8B2D09847D6D}.Release|Any CPU.ActiveCfg = Release|Any CPU
		{E3DE6072-C115-486B-9CE1-8B2D09847D6D}.Release|Any CPU.Build.0 = Release|Any CPU
	EndGlobalSection
	GlobalSection(SolutionProperties) = preSolution
		HideSolutionNode = FALSE
	EndGlobalSection
	GlobalSection(ExtensibilityGlobals) = postSolution
		SolutionGuid = {CAF90E5E-7DA4-47D9-8D2D-9ADA401EC567}
	EndGlobalSection
EndGlobal
